
Microsoft Visual Studio Solution File, Format Version 12.00
# Visual Studio 15
VisualStudioVersion = 15.0.27428.2005
MinimumVisualStudioVersion = 10.0.40219.1
Project("{FAE04EC0-301F-11D3-BF4B-00C04F79EFBC}") = "TestMakerFreeWebApp", "TestMakerFreeWebApp\TestMakerFreeWebApp.csproj", "{63260377-171E-4564-9392-7FEABCDBBAA2}"
EndProject
Global
	GlobalSection(SolutionConfigurationPlatforms) = preSolution
		Debug|Any CPU = Debug|Any CPU
		Release|Any CPU = Release|Any CPU
	EndGlobalSection
	GlobalSection(ProjectConfigurationPlatforms) = postSolution
		{63260377-171E-4564-9392-7FEABCDBBAA2}.Debug|Any CPU.ActiveCfg = Debug|Any CPU
		{63260377-171E-4564-9392-7FEABCDBBAA2}.Debug|Any CPU.Build.0 = Debug|Any CPU
		{63260377-171E-4564-9392-7FEABCDBBAA2}.Release|Any CPU.ActiveCfg = Release|Any CPU
		{63260377-171E-4564-9392-7FEABCDBBAA2}.Release|Any CPU.Build.0 = Release|Any CPU
	EndGlobalSection
	GlobalSection(SolutionProperties) = preSolution
		HideSolutionNode = FALSE
	EndGlobalSection
	GlobalSection(ExtensibilityGlobals) = postSolution
		SolutionGuid = {858143D0-B6F8-4CDB-91A4-366073FF5821}
	EndGlobalSection
EndGlobal
